
Microsoft Visual Studio Solution File, Format Version 12.00
# Visual Studio Version 17
VisualStudioVersion = 17.11.35312.102
MinimumVisualStudioVersion = 10.0.40219.1
Project("{FAE04EC0-301F-11D3-BF4B-00C04F79EFBC}") = "eindopdracht_V2", "eindopdracht_V2\eindopdracht_V2.csproj", "{7B6C6B02-EF4B-4085-80D7-04072CFBDE71}"
EndProject
Global
	GlobalSection(SolutionConfigurationPlatforms) = preSolution
		Debug|Any CPU = Debug|Any CPU
		Release|Any CPU = Release|Any CPU
	EndGlobalSection
	GlobalSection(ProjectConfigurationPlatforms) = postSolution
		{7B6C6B02-EF4B-4085-80D7-04072CFBDE71}.Debug|Any CPU.ActiveCfg = Debug|Any CPU
		{7B6C6B02-EF4B-4085-80D7-04072CFBDE71}.Debug|Any CPU.Build.0 = Debug|Any CPU
		{7B6C6B02-EF4B-4085-80D7-04072CFBDE71}.Release|Any CPU.ActiveCfg = Release|Any CPU
		{7B6C6B02-EF4B-4085-80D7-04072CFBDE71}.Release|Any CPU.Build.0 = Release|Any CPU
	EndGlobalSection
	GlobalSection(SolutionProperties) = preSolution
		HideSolutionNode = FALSE
	EndGlobalSection
	GlobalSection(ExtensibilityGlobals) = postSolution
		SolutionGuid = {373DB9B8-20AB-4D5F-B6AC-8E602BB74EED}
	EndGlobalSection
EndGlobal
